
Microsoft Visual Studio Solution File, Format Version 12.00
# Visual Studio 15
VisualStudioVersion = 15.0.28307.1259
MinimumVisualStudioVersion = 10.0.40219.1
Project("{8BC9CEB8-8B4A-11D0-8D11-00A0C91BC942}") = "SP_1007", "SP_1007\SP_1007.vcxproj", "{BD837B7F-2DC8-4B42-9B8F-7794FDD6720A}"
EndProject
Global
	GlobalSection(SolutionConfigurationPlatforms) = preSolution
		Debug|x64 = Debug|x64
		Debug|x86 = Debug|x86
		Release|x64 = Release|x64
		Release|x86 = Release|x86
	EndGlobalSection
	GlobalSection(ProjectConfigurationPlatforms) = postSolution
		{BD837B7F-2DC8-4B42-9B8F-7794FDD6720A}.Debug|x64.ActiveCfg = Debug|x64
		{BD837B7F-2DC8-4B42-9B8F-7794FDD6720A}.Debug|x64.Build.0 = Debug|x64
		{BD837B7F-2DC8-4B42-9B8F-7794FDD6720A}.Debug|x86.ActiveCfg = Debug|Win32
		{BD837B7F-2DC8-4B42-9B8F-7794FDD6720A}.Debug|x86.Build.0 = Debug|Win32
		{BD837B7F-2DC8-4B42-9B8F-7794FDD6720A}.Release|x64.ActiveCfg = Release|x64
		{BD837B7F-2DC8-4B42-9B8F-7794FDD6720A}.Release|x64.Build.0 = Release|x64
		{BD837B7F-2DC8-4B42-9B8F-7794FDD6720A}.Release|x86.ActiveCfg = Release|Win32
		{BD837B7F-2DC8-4B42-9B8F-7794FDD6720A}.Release|x86.Build.0 = Release|Win32
	EndGlobalSection
	GlobalSection(SolutionProperties) = preSolution
		HideSolutionNode = FALSE
	EndGlobalSection
	GlobalSection(ExtensibilityGlobals) = postSolution
		SolutionGuid = {22FA1587-6FD7-4059-9A99-FD2F0C5D3CE4}
	EndGlobalSection
EndGlobal
